
Microsoft Visual Studio Solution File, Format Version 12.00
# Visual Studio Version 17
VisualStudioVersion = 17.13.35825.156
MinimumVisualStudioVersion = 10.0.40219.1
Project("{2150E333-8FDC-42A3-9474-1A3956D46DE8}") = "chapter01", "chapter01", "{DDB4EF12-CC4E-5E88-E6FC-71A802F4DE97}"
EndProject
Project("{FAE04EC0-301F-11D3-BF4B-00C04F79EFBC}") = "ProductSample", "Chapter01\ProductSample\ProductSample.csproj", "{1C6A0806-7A4F-479C-BF69-06CB87E19411}"
EndProject
Project("{2150E333-8FDC-42A3-9474-1A3956D46DE8}") = "Chapter02", "Chapter02", "{3C8027DE-3D62-4D9D-81C6-9416491F1FE2}"
EndProject
Project("{FAE04EC0-301F-11D3-BF4B-00C04F79EFBC}") = "DistanceConverter", "Chapter02\DistanceConverter\DistanceConverter.csproj", "{4EA4ED15-539F-45F0-A072-3C6C97828EDB}"
EndProject
Project("{2150E333-8FDC-42A3-9474-1A3956D46DE8}") = "演習問題", "演習問題", "{97825F5C-1618-436E-BF1C-6E2BB6B84BCB}"
EndProject
Project("{FAE04EC0-301F-11D3-BF4B-00C04F79EFBC}") = "Exercise02", "Chapter02\演習問題\Exercise02\Exercise02.csproj", "{C5034E8E-1ED3-47BB-9DF6-C7EC61A7D22E}"
EndProject
Project("{2150E333-8FDC-42A3-9474-1A3956D46DE8}") = "距離換算プログラム", "距離換算プログラム", "{0D582CF4-FC6E-4392-99FE-E2EB8506D3EA}"
EndProject
Project("{2150E333-8FDC-42A3-9474-1A3956D46DE8}") = "FormApps", "FormApps", "{38F56AF1-7A1E-456C-82EE-8F6333219478}"
EndProject
Project("{FAE04EC0-301F-11D3-BF4B-00C04F79EFBC}") = "UnitConverter", "FormApps\UnitConverter\UnitConverter.csproj", "{F44990B0-7DB5-4BBA-A0F6-3B892C3A53E2}"
EndProject
Project("{FAE04EC0-301F-11D3-BF4B-00C04F79EFBC}") = "StopWatch", "FormApps\StopWatch\StopWatch.csproj", "{294EA6FB-8BD2-4775-8269-3A1B97E3F6B3}"
EndProject
Project("{2150E333-8FDC-42A3-9474-1A3956D46DE8}") = "売り上げ集計プログラム", "売り上げ集計プログラム", "{33E7711F-9735-4AF7-BCB3-3CE25ECEA696}"
EndProject
Project("{FAE04EC0-301F-11D3-BF4B-00C04F79EFBC}") = "SalesCalculator", "Chapter02\SalesCalculator\SalesCalculator.csproj", "{92B46EC8-7FA3-4579-97CF-5CAF35860E10}"
EndProject
Project("{FAE04EC0-301F-11D3-BF4B-00C04F79EFBC}") = "Exercise01", "Chapter02\演習問題\Exercise01\Exercise01.csproj", "{A43028E0-64A6-4033-B71E-625F29A8C16A}"
EndProject
Project("{2150E333-8FDC-42A3-9474-1A3956D46DE8}") = "Chapter03", "Chapter03", "{5AA23323-DFCC-4B43-B442-E49AD423362B}"
EndProject
Project("{FAE04EC0-301F-11D3-BF4B-00C04F79EFBC}") = "Section01", "Chapter03\Section01\Section01.csproj", "{A727B4DB-A908-C542-FCF2-2C77B3E0412D}"
EndProject
Project("{2150E333-8FDC-42A3-9474-1A3956D46DE8}") = "演習問題", "演習問題", "{10F275E2-3689-4F9B-BBCF-ABC3F498B3E4}"
EndProject
Project("{FAE04EC0-301F-11D3-BF4B-00C04F79EFBC}") = "Exercise02", "Chapter03\演習問題\Exercise02\Exercise02.csproj", "{81222D59-FE03-4BDD-8DFB-D1DC2EDFC33F}"
EndProject
Global
	GlobalSection(SolutionConfigurationPlatforms) = preSolution
		Debug|Any CPU = Debug|Any CPU
		Release|Any CPU = Release|Any CPU
	EndGlobalSection
	GlobalSection(ProjectConfigurationPlatforms) = postSolution
		{1C6A0806-7A4F-479C-BF69-06CB87E19411}.Debug|Any CPU.ActiveCfg = Debug|Any CPU
		{1C6A0806-7A4F-479C-BF69-06CB87E19411}.Debug|Any CPU.Build.0 = Debug|Any CPU
		{1C6A0806-7A4F-479C-BF69-06CB87E19411}.Release|Any CPU.ActiveCfg = Release|Any CPU
		{1C6A0806-7A4F-479C-BF69-06CB87E19411}.Release|Any CPU.Build.0 = Release|Any CPU
		{4EA4ED15-539F-45F0-A072-3C6C97828EDB}.Debug|Any CPU.ActiveCfg = Debug|Any CPU
		{4EA4ED15-539F-45F0-A072-3C6C97828EDB}.Debug|Any CPU.Build.0 = Debug|Any CPU
		{4EA4ED15-539F-45F0-A072-3C6C97828EDB}.Release|Any CPU.ActiveCfg = Release|Any CPU
		{4EA4ED15-539F-45F0-A072-3C6C97828EDB}.Release|Any CPU.Build.0 = Release|Any CPU
		{C5034E8E-1ED3-47BB-9DF6-C7EC61A7D22E}.Debug|Any CPU.ActiveCfg = Debug|Any CPU
		{C5034E8E-1ED3-47BB-9DF6-C7EC61A7D22E}.Debug|Any CPU.Build.0 = Debug|Any CPU
		{C5034E8E-1ED3-47BB-9DF6-C7EC61A7D22E}.Release|Any CPU.ActiveCfg = Release|Any CPU
		{C5034E8E-1ED3-47BB-9DF6-C7EC61A7D22E}.Release|Any CPU.Build.0 = Release|Any CPU
		{F44990B0-7DB5-4BBA-A0F6-3B892C3A53E2}.Debug|Any CPU.ActiveCfg = Debug|Any CPU
		{F44990B0-7DB5-4BBA-A0F6-3B892C3A53E2}.Debug|Any CPU.Build.0 = Debug|Any CPU
		{F44990B0-7DB5-4BBA-A0F6-3B892C3A53E2}.Release|Any CPU.ActiveCfg = Release|Any CPU
		{F44990B0-7DB5-4BBA-A0F6-3B892C3A53E2}.Release|Any CPU.Build.0 = Release|Any CPU
		{294EA6FB-8BD2-4775-8269-3A1B97E3F6B3}.Debug|Any CPU.ActiveCfg = Debug|Any CPU
		{294EA6FB-8BD2-4775-8269-3A1B97E3F6B3}.Debug|Any CPU.Build.0 = Debug|Any CPU
		{294EA6FB-8BD2-4775-8269-3A1B97E3F6B3}.Release|Any CPU.ActiveCfg = Release|Any CPU
		{294EA6FB-8BD2-4775-8269-3A1B97E3F6B3}.Release|Any CPU.Build.0 = Release|Any CPU
		{92B46EC8-7FA3-4579-97CF-5CAF35860E10}.Debug|Any CPU.ActiveCfg = Debug|Any CPU
		{92B46EC8-7FA3-4579-97CF-5CAF35860E10}.Debug|Any CPU.Build.0 = Debug|Any CPU
		{92B46EC8-7FA3-4579-97CF-5CAF35860E10}.Release|Any CPU.ActiveCfg = Release|Any CPU
		{92B46EC8-7FA3-4579-97CF-5CAF35860E10}.Release|Any CPU.Build.0 = Release|Any CPU
		{A43028E0-64A6-4033-B71E-625F29A8C16A}.Debug|Any CPU.ActiveCfg = Debug|Any CPU
		{A43028E0-64A6-4033-B71E-625F29A8C16A}.Debug|Any CPU.Build.0 = Debug|Any CPU
		{A43028E0-64A6-4033-B71E-625F29A8C16A}.Release|Any CPU.ActiveCfg = Release|Any CPU
		{A43028E0-64A6-4033-B71E-625F29A8C16A}.Release|Any CPU.Build.0 = Release|Any CPU
		{A727B4DB-A908-C542-FCF2-2C77B3E0412D}.Debug|Any CPU.ActiveCfg = Debug|Any CPU
		{A727B4DB-A908-C542-FCF2-2C77B3E0412D}.Debug|Any CPU.Build.0 = Debug|Any CPU
		{A727B4DB-A908-C542-FCF2-2C77B3E0412D}.Release|Any CPU.ActiveCfg = Release|Any CPU
		{A727B4DB-A908-C542-FCF2-2C77B3E0412D}.Release|Any CPU.Build.0 = Release|Any CPU
		{81222D59-FE03-4BDD-8DFB-D1DC2EDFC33F}.Debug|Any CPU.ActiveCfg = Debug|Any CPU
		{81222D59-FE03-4BDD-8DFB-D1DC2EDFC33F}.Debug|Any CPU.Build.0 = Debug|Any CPU
		{81222D59-FE03-4BDD-8DFB-D1DC2EDFC33F}.Release|Any CPU.ActiveCfg = Release|Any CPU
		{81222D59-FE03-4BDD-8DFB-D1DC2EDFC33F}.Release|Any CPU.Build.0 = Release|Any CPU
	EndGlobalSection
	GlobalSection(SolutionProperties) = preSolution
		HideSolutionNode = FALSE
	EndGlobalSection
	GlobalSection(NestedProjects) = preSolution
		{1C6A0806-7A4F-479C-BF69-06CB87E19411} = {DDB4EF12-CC4E-5E88-E6FC-71A802F4DE97}
		{4EA4ED15-539F-45F0-A072-3C6C97828EDB} = {3C8027DE-3D62-4D9D-81C6-9416491F1FE2}
		{97825F5C-1618-436E-BF1C-6E2BB6B84BCB} = {3C8027DE-3D62-4D9D-81C6-9416491F1FE2}
		{C5034E8E-1ED3-47BB-9DF6-C7EC61A7D22E} = {97825F5C-1618-436E-BF1C-6E2BB6B84BCB}
		{0D582CF4-FC6E-4392-99FE-E2EB8506D3EA} = {3C8027DE-3D62-4D9D-81C6-9416491F1FE2}
		{F44990B0-7DB5-4BBA-A0F6-3B892C3A53E2} = {38F56AF1-7A1E-456C-82EE-8F6333219478}
		{294EA6FB-8BD2-4775-8269-3A1B97E3F6B3} = {38F56AF1-7A1E-456C-82EE-8F6333219478}
		{33E7711F-9735-4AF7-BCB3-3CE25ECEA696} = {3C8027DE-3D62-4D9D-81C6-9416491F1FE2}
		{92B46EC8-7FA3-4579-97CF-5CAF35860E10} = {33E7711F-9735-4AF7-BCB3-3CE25ECEA696}
		{A43028E0-64A6-4033-B71E-625F29A8C16A} = {97825F5C-1618-436E-BF1C-6E2BB6B84BCB}
		{A727B4DB-A908-C542-FCF2-2C77B3E0412D} = {5AA23323-DFCC-4B43-B442-E49AD423362B}
		{10F275E2-3689-4F9B-BBCF-ABC3F498B3E4} = {5AA23323-DFCC-4B43-B442-E49AD423362B}
		{81222D59-FE03-4BDD-8DFB-D1DC2EDFC33F} = {10F275E2-3689-4F9B-BBCF-ABC3F498B3E4}
	EndGlobalSection
	GlobalSection(ExtensibilityGlobals) = postSolution
		SolutionGuid = {53533FE7-2C8A-4318-829E-C15E99EA3991}
	EndGlobalSection
EndGlobal
