
Microsoft Visual Studio Solution File, Format Version 12.00
# Visual Studio Version 17
VisualStudioVersion = 17.13.35825.156
MinimumVisualStudioVersion = 10.0.40219.1
Project("{2150E333-8FDC-42A3-9474-1A3956D46DE8}") = "chapter01", "chapter01", "{DDB4EF12-CC4E-5E88-E6FC-71A802F4DE97}"
EndProject
Project("{FAE04EC0-301F-11D3-BF4B-00C04F79EFBC}") = "ProductSample", "Chapter01\ProductSample\ProductSample.csproj", "{1C6A0806-7A4F-479C-BF69-06CB87E19411}"
EndProject
Project("{2150E333-8FDC-42A3-9474-1A3956D46DE8}") = "Chapter02", "Chapter02", "{3C8027DE-3D62-4D9D-81C6-9416491F1FE2}"
EndProject
Project("{FAE04EC0-301F-11D3-BF4B-00C04F79EFBC}") = "DistanceConverter", "Chapter02\DistanceConverter\DistanceConverter.csproj", "{4EA4ED15-539F-45F0-A072-3C6C97828EDB}"
EndProject
Project("{2150E333-8FDC-42A3-9474-1A3956D46DE8}") = "演習問題", "演習問題", "{97825F5C-1618-436E-BF1C-6E2BB6B84BCB}"
EndProject
Project("{FAE04EC0-301F-11D3-BF4B-00C04F79EFBC}") = "Exercise02", "Chapter02\演習問題\Exercise02\Exercise02.csproj", "{C5034E8E-1ED3-47BB-9DF6-C7EC61A7D22E}"
EndProject
Project("{2150E333-8FDC-42A3-9474-1A3956D46DE8}") = "距離換算プログラム", "距離換算プログラム", "{0D582CF4-FC6E-4392-99FE-E2EB8506D3EA}"
EndProject
Project("{2150E333-8FDC-42A3-9474-1A3956D46DE8}") = "FormApps", "FormApps", "{38F56AF1-7A1E-456C-82EE-8F6333219478}"
EndProject
Project("{FAE04EC0-301F-11D3-BF4B-00C04F79EFBC}") = "UnitConverter", "FormApps\UnitConverter\UnitConverter.csproj", "{F44990B0-7DB5-4BBA-A0F6-3B892C3A53E2}"
EndProject
Project("{FAE04EC0-301F-11D3-BF4B-00C04F79EFBC}") = "StopWatch", "FormApps\StopWatch\StopWatch.csproj", "{294EA6FB-8BD2-4775-8269-3A1B97E3F6B3}"
EndProject
Project("{2150E333-8FDC-42A3-9474-1A3956D46DE8}") = "売り上げ集計プログラム", "売り上げ集計プログラム", "{33E7711F-9735-4AF7-BCB3-3CE25ECEA696}"
EndProject
Project("{FAE04EC0-301F-11D3-BF4B-00C04F79EFBC}") = "SalesCalculator", "Chapter02\SalesCalculator\SalesCalculator.csproj", "{92B46EC8-7FA3-4579-97CF-5CAF35860E10}"
EndProject
Project("{FAE04EC0-301F-11D3-BF4B-00C04F79EFBC}") = "Exercise01", "Chapter02\演習問題\Exercise01\Exercise01.csproj", "{A43028E0-64A6-4033-B71E-625F29A8C16A}"
EndProject
Project("{2150E333-8FDC-42A3-9474-1A3956D46DE8}") = "Chapter03", "Chapter03", "{5AA23323-DFCC-4B43-B442-E49AD423362B}"
EndProject
Project("{FAE04EC0-301F-11D3-BF4B-00C04F79EFBC}") = "Section01", "Chapter03\Section01\Section01.csproj", "{A727B4DB-A908-C542-FCF2-2C77B3E0412D}"
EndProject
Project("{2150E333-8FDC-42A3-9474-1A3956D46DE8}") = "演習問題", "演習問題", "{10F275E2-3689-4F9B-BBCF-ABC3F498B3E4}"
EndProject
Project("{FAE04EC0-301F-11D3-BF4B-00C04F79EFBC}") = "Exercise02", "Chapter03\演習問題\Exercise02\Exercise02.csproj", "{81222D59-FE03-4BDD-8DFB-D1DC2EDFC33F}"
EndProject
Project("{FAE04EC0-301F-11D3-BF4B-00C04F79EFBC}") = "Section04", "Chapter03\Section04\Section04.csproj", "{2F5A5817-1CCC-456A-B743-DE9FFE2C80ED}"
EndProject
Project("{FAE04EC0-301F-11D3-BF4B-00C04F79EFBC}") = "Exercise01", "Chapter03\演習問題\Exercise01\Exercise01.csproj", "{2B137FAD-1635-41D0-BBDD-C255DF41E9C5}"
EndProject
Project("{2150E333-8FDC-42A3-9474-1A3956D46DE8}") = "Chapter04", "Chapter04", "{3E959125-19B4-4DD9-A8BC-027ED498CD5F}"
EndProject
Project("{2150E333-8FDC-42A3-9474-1A3956D46DE8}") = "演習問題", "演習問題", "{E63F5E48-36F9-4810-A72D-18B340D6779B}"
EndProject
Project("{FAE04EC0-301F-11D3-BF4B-00C04F79EFBC}") = "Section04", "Chapter04\Section04\Section04.csproj", "{3A95A141-AAD8-CCAB-6F75-1E63A7123829}"
EndProject
Project("{FAE04EC0-301F-11D3-BF4B-00C04F79EFBC}") = "Exercise01", "Chapter04\演習問題\Exercise01\Exercise01.csproj", "{94DD345E-7CED-4741-C3E7-505B445CE161}"
EndProject
Project("{FAE04EC0-301F-11D3-BF4B-00C04F79EFBC}") = "Exercise02", "Chapter04\演習問題\Exercise02\Exercise02.csproj", "{C1D63E63-E64B-FCB7-4276-5EBCB0FEC291}"
EndProject
Project("{2150E333-8FDC-42A3-9474-1A3956D46DE8}") = "LINQ", "LINQ", "{CADD1A5B-DB0C-486A-9752-A1B419BBDF27}"
EndProject
Project("{FAE04EC0-301F-11D3-BF4B-00C04F79EFBC}") = "LinqSample", "LINQ\LinqSample\LinqSample\LinqSample.csproj", "{66601BC9-CDB3-40AB-9678-69A00483ABA7}"
EndProject
Project("{2150E333-8FDC-42A3-9474-1A3956D46DE8}") = "Chapter07", "Chapter07", "{8C4EF8C5-3839-42E5-A11D-24176406AEA4}"
EndProject
Project("{2150E333-8FDC-42A3-9474-1A3956D46DE8}") = "演習問題", "演習問題", "{B3AA614D-4ED5-4476-8AEA-90F3BD5E0E9C}"
EndProject
Project("{FAE04EC0-301F-11D3-BF4B-00C04F79EFBC}") = "Exercise01", "Chapter07\演習問題\Exercise01\Exercise01.csproj", "{4809B75E-474B-42F3-A303-A8CED77A46A6}"
EndProject
Project("{FAE04EC0-301F-11D3-BF4B-00C04F79EFBC}") = "Section01", "Chapter07\Section01\Section01.csproj", "{3F8ED45E-FDD8-49B3-8743-23F6710ECFDF}"
EndProject
Project("{FAE04EC0-301F-11D3-BF4B-00C04F79EFBC}") = "Section05", "Chapter07\Section05\Section05.csproj", "{942E81A0-A4D8-4F97-A449-E0913714D111}"
EndProject
Project("{FAE04EC0-301F-11D3-BF4B-00C04F79EFBC}") = "Exercise02", "Chapter07\演習問題\Exercise02\Exercise02.csproj", "{AFFE7278-6E7D-4D70-82FA-B9D3025F168B}"
EndProject
Project("{2150E333-8FDC-42A3-9474-1A3956D46DE8}") = "Chapter06", "Chapter06", "{7F69AEF0-F199-4812-8B94-A01BF7EC9398}"
EndProject
Project("{FAE04EC0-301F-11D3-BF4B-00C04F79EFBC}") = "Section01", "Chapter06\Section01\Section01.csproj", "{42C2FA7B-658E-469B-BED9-BB31701B44F9}"
EndProject
Project("{2150E333-8FDC-42A3-9474-1A3956D46DE8}") = "演習問題", "演習問題", "{C880CFE9-AF11-455E-AD5A-DB78D2163882}"
EndProject
Project("{FAE04EC0-301F-11D3-BF4B-00C04F79EFBC}") = "Exercise01", "Chapter06\演習問題\Exercise01\Exercise01.csproj", "{D8B37F43-1A10-44BF-8523-6C7144403844}"
EndProject
Project("{FAE04EC0-301F-11D3-BF4B-00C04F79EFBC}") = "Exercise03", "Chapter06\演習問題\Exercise03\Exercise03.csproj", "{6B1F043D-4596-4147-9B15-A63900BFCA1D}"
EndProject
Project("{FAE04EC0-301F-11D3-BF4B-00C04F79EFBC}") = "Exercise04", "Chapter06\演習問題\Exercise04\Exercise04.csproj", "{7D0353D5-A842-49EC-8A8F-29C9635F4088}"
EndProject
Project("{FAE04EC0-301F-11D3-BF4B-00C04F79EFBC}") = "Section03", "Chapter06\Section03\Section03.csproj", "{D48F1B0A-F063-4DBB-BCB3-C9C4A6D5F1A2}"
EndProject
Project("{2150E333-8FDC-42A3-9474-1A3956D46DE8}") = "Chapter05", "Chapter05", "{79945F93-78F7-4413-97EF-76A8CE844269}"
EndProject
Project("{2150E333-8FDC-42A3-9474-1A3956D46DE8}") = "演習問題", "演習問題", "{A1F7E0EB-802A-4D16-A460-FA0C4F5CCB7D}"
EndProject
Project("{FAE04EC0-301F-11D3-BF4B-00C04F79EFBC}") = "Section01", "Chapter05\Section01\Section01.csproj", "{FC5326C2-76CD-4155-8DE5-1A0A01633F51}"
EndProject
Project("{FAE04EC0-301F-11D3-BF4B-00C04F79EFBC}") = "Section02", "Chapter05\Section02\Section02.csproj", "{767AEA96-E776-4E70-A505-FA433434548F}"
EndProject
Project("{FAE04EC0-301F-11D3-BF4B-00C04F79EFBC}") = "Exercise01", "Chapter05\演習問題\Exercise01\Exercise01.csproj", "{5C596CED-020F-4D6B-8232-F29094E1633C}"
EndProject
Project("{FAE04EC0-301F-11D3-BF4B-00C04F79EFBC}") = "Exercise02", "Exercise02\Exercise02.csproj", "{5BD5B67A-00CF-4695-B364-5B2EB429BC83}"
EndProject
Project("{2150E333-8FDC-42A3-9474-1A3956D46DE8}") = "Chapter08", "Chapter08", "{EAADACF3-BA35-41AD-A502-1FBDD386E97A}"
EndProject
Project("{2150E333-8FDC-42A3-9474-1A3956D46DE8}") = "演習問題", "演習問題", "{5EC14ECF-F855-461D-A554-EABA78E12F1F}"
EndProject
Project("{FAE04EC0-301F-11D3-BF4B-00C04F79EFBC}") = "Exercise01", "Chapter08\演習問題\Exercise01\Exercise01.csproj", "{F10261D5-5469-4A41-AC6E-8605534FC9CF}"
EndProject
Project("{FAE04EC0-301F-11D3-BF4B-00C04F79EFBC}") = "PrefCapitalLocationSystem", "Chapter08\PrefCapitalLocationSystem\PrefCapitalLocationSystem.csproj", "{BA3B5C5E-D6A4-39ED-6760-036CDB62E249}"
EndProject
Project("{FAE04EC0-301F-11D3-BF4B-00C04F79EFBC}") = "Section03", "Chapter08\Section03\Section03.csproj", "{297B9050-959F-4DFB-81B8-D16CEE9E81AC}"
EndProject
Project("{FAE04EC0-301F-11D3-BF4B-00C04F79EFBC}") = "Exercise02", "Chapter08\演習問題\Exercise02\Exercise02.csproj", "{0FCE9499-5D1B-44D6-80A6-C6FE46AD5AB2}"
EndProject
Project("{2150E333-8FDC-42A3-9474-1A3956D46DE8}") = "Test01", "Test01", "{109F5C2D-7A77-4438-9F7D-6B705A50ECB7}"
EndProject
Project("{FAE04EC0-301F-11D3-BF4B-00C04F79EFBC}") = "Test01", "Test01\Test01\Test01.csproj", "{6EF7678A-A725-F430-3097-30F090C0100A}"
EndProject
Project("{FAE04EC0-301F-11D3-BF4B-00C04F79EFBC}") = "Test02", "Test01\Test02\Test02.csproj", "{010D0C11-D6A2-3CA6-3281-4E0FD547EC2D}"
EndProject
Project("{2150E333-8FDC-42A3-9474-1A3956D46DE8}") = "Chapter09", "Chapter09", "{133E84F1-22F5-4F8B-A96E-A4F016331590}"
EndProject
Project("{FAE04EC0-301F-11D3-BF4B-00C04F79EFBC}") = "Section01", "Chapter09\Section01\Section01.csproj", "{0AF8675B-56B6-453C-9DE0-DA8616C3E7BD}"
EndProject
Global
	GlobalSection(SolutionConfigurationPlatforms) = preSolution
		Debug|Any CPU = Debug|Any CPU
		Release|Any CPU = Release|Any CPU
	EndGlobalSection
	GlobalSection(ProjectConfigurationPlatforms) = postSolution
		{1C6A0806-7A4F-479C-BF69-06CB87E19411}.Debug|Any CPU.ActiveCfg = Debug|Any CPU
		{1C6A0806-7A4F-479C-BF69-06CB87E19411}.Debug|Any CPU.Build.0 = Debug|Any CPU
		{1C6A0806-7A4F-479C-BF69-06CB87E19411}.Release|Any CPU.ActiveCfg = Release|Any CPU
		{1C6A0806-7A4F-479C-BF69-06CB87E19411}.Release|Any CPU.Build.0 = Release|Any CPU
		{4EA4ED15-539F-45F0-A072-3C6C97828EDB}.Debug|Any CPU.ActiveCfg = Debug|Any CPU
		{4EA4ED15-539F-45F0-A072-3C6C97828EDB}.Debug|Any CPU.Build.0 = Debug|Any CPU
		{4EA4ED15-539F-45F0-A072-3C6C97828EDB}.Release|Any CPU.ActiveCfg = Release|Any CPU
		{4EA4ED15-539F-45F0-A072-3C6C97828EDB}.Release|Any CPU.Build.0 = Release|Any CPU
		{C5034E8E-1ED3-47BB-9DF6-C7EC61A7D22E}.Debug|Any CPU.ActiveCfg = Debug|Any CPU
		{C5034E8E-1ED3-47BB-9DF6-C7EC61A7D22E}.Debug|Any CPU.Build.0 = Debug|Any CPU
		{C5034E8E-1ED3-47BB-9DF6-C7EC61A7D22E}.Release|Any CPU.ActiveCfg = Release|Any CPU
		{C5034E8E-1ED3-47BB-9DF6-C7EC61A7D22E}.Release|Any CPU.Build.0 = Release|Any CPU
		{F44990B0-7DB5-4BBA-A0F6-3B892C3A53E2}.Debug|Any CPU.ActiveCfg = Debug|Any CPU
		{F44990B0-7DB5-4BBA-A0F6-3B892C3A53E2}.Debug|Any CPU.Build.0 = Debug|Any CPU
		{F44990B0-7DB5-4BBA-A0F6-3B892C3A53E2}.Release|Any CPU.ActiveCfg = Release|Any CPU
		{F44990B0-7DB5-4BBA-A0F6-3B892C3A53E2}.Release|Any CPU.Build.0 = Release|Any CPU
		{294EA6FB-8BD2-4775-8269-3A1B97E3F6B3}.Debug|Any CPU.ActiveCfg = Debug|Any CPU
		{294EA6FB-8BD2-4775-8269-3A1B97E3F6B3}.Debug|Any CPU.Build.0 = Debug|Any CPU
		{294EA6FB-8BD2-4775-8269-3A1B97E3F6B3}.Release|Any CPU.ActiveCfg = Release|Any CPU
		{294EA6FB-8BD2-4775-8269-3A1B97E3F6B3}.Release|Any CPU.Build.0 = Release|Any CPU
		{92B46EC8-7FA3-4579-97CF-5CAF35860E10}.Debug|Any CPU.ActiveCfg = Debug|Any CPU
		{92B46EC8-7FA3-4579-97CF-5CAF35860E10}.Debug|Any CPU.Build.0 = Debug|Any CPU
		{92B46EC8-7FA3-4579-97CF-5CAF35860E10}.Release|Any CPU.ActiveCfg = Release|Any CPU
		{92B46EC8-7FA3-4579-97CF-5CAF35860E10}.Release|Any CPU.Build.0 = Release|Any CPU
		{A43028E0-64A6-4033-B71E-625F29A8C16A}.Debug|Any CPU.ActiveCfg = Debug|Any CPU
		{A43028E0-64A6-4033-B71E-625F29A8C16A}.Debug|Any CPU.Build.0 = Debug|Any CPU
		{A43028E0-64A6-4033-B71E-625F29A8C16A}.Release|Any CPU.ActiveCfg = Release|Any CPU
		{A43028E0-64A6-4033-B71E-625F29A8C16A}.Release|Any CPU.Build.0 = Release|Any CPU
		{A727B4DB-A908-C542-FCF2-2C77B3E0412D}.Debug|Any CPU.ActiveCfg = Debug|Any CPU
		{A727B4DB-A908-C542-FCF2-2C77B3E0412D}.Debug|Any CPU.Build.0 = Debug|Any CPU
		{A727B4DB-A908-C542-FCF2-2C77B3E0412D}.Release|Any CPU.ActiveCfg = Release|Any CPU
		{A727B4DB-A908-C542-FCF2-2C77B3E0412D}.Release|Any CPU.Build.0 = Release|Any CPU
		{81222D59-FE03-4BDD-8DFB-D1DC2EDFC33F}.Debug|Any CPU.ActiveCfg = Debug|Any CPU
		{81222D59-FE03-4BDD-8DFB-D1DC2EDFC33F}.Debug|Any CPU.Build.0 = Debug|Any CPU
		{81222D59-FE03-4BDD-8DFB-D1DC2EDFC33F}.Release|Any CPU.ActiveCfg = Release|Any CPU
		{81222D59-FE03-4BDD-8DFB-D1DC2EDFC33F}.Release|Any CPU.Build.0 = Release|Any CPU
		{2F5A5817-1CCC-456A-B743-DE9FFE2C80ED}.Debug|Any CPU.ActiveCfg = Debug|Any CPU
		{2F5A5817-1CCC-456A-B743-DE9FFE2C80ED}.Debug|Any CPU.Build.0 = Debug|Any CPU
		{2F5A5817-1CCC-456A-B743-DE9FFE2C80ED}.Release|Any CPU.ActiveCfg = Release|Any CPU
		{2F5A5817-1CCC-456A-B743-DE9FFE2C80ED}.Release|Any CPU.Build.0 = Release|Any CPU
		{2B137FAD-1635-41D0-BBDD-C255DF41E9C5}.Debug|Any CPU.ActiveCfg = Debug|Any CPU
		{2B137FAD-1635-41D0-BBDD-C255DF41E9C5}.Debug|Any CPU.Build.0 = Debug|Any CPU
		{2B137FAD-1635-41D0-BBDD-C255DF41E9C5}.Release|Any CPU.ActiveCfg = Release|Any CPU
		{2B137FAD-1635-41D0-BBDD-C255DF41E9C5}.Release|Any CPU.Build.0 = Release|Any CPU
		{3A95A141-AAD8-CCAB-6F75-1E63A7123829}.Debug|Any CPU.ActiveCfg = Debug|Any CPU
		{3A95A141-AAD8-CCAB-6F75-1E63A7123829}.Debug|Any CPU.Build.0 = Debug|Any CPU
		{3A95A141-AAD8-CCAB-6F75-1E63A7123829}.Release|Any CPU.ActiveCfg = Release|Any CPU
		{3A95A141-AAD8-CCAB-6F75-1E63A7123829}.Release|Any CPU.Build.0 = Release|Any CPU
		{94DD345E-7CED-4741-C3E7-505B445CE161}.Debug|Any CPU.ActiveCfg = Debug|Any CPU
		{94DD345E-7CED-4741-C3E7-505B445CE161}.Debug|Any CPU.Build.0 = Debug|Any CPU
		{94DD345E-7CED-4741-C3E7-505B445CE161}.Release|Any CPU.ActiveCfg = Release|Any CPU
		{94DD345E-7CED-4741-C3E7-505B445CE161}.Release|Any CPU.Build.0 = Release|Any CPU
		{C1D63E63-E64B-FCB7-4276-5EBCB0FEC291}.Debug|Any CPU.ActiveCfg = Debug|Any CPU
		{C1D63E63-E64B-FCB7-4276-5EBCB0FEC291}.Debug|Any CPU.Build.0 = Debug|Any CPU
		{C1D63E63-E64B-FCB7-4276-5EBCB0FEC291}.Release|Any CPU.ActiveCfg = Release|Any CPU
		{C1D63E63-E64B-FCB7-4276-5EBCB0FEC291}.Release|Any CPU.Build.0 = Release|Any CPU
		{66601BC9-CDB3-40AB-9678-69A00483ABA7}.Debug|Any CPU.ActiveCfg = Debug|Any CPU
		{66601BC9-CDB3-40AB-9678-69A00483ABA7}.Debug|Any CPU.Build.0 = Debug|Any CPU
		{66601BC9-CDB3-40AB-9678-69A00483ABA7}.Release|Any CPU.ActiveCfg = Release|Any CPU
		{66601BC9-CDB3-40AB-9678-69A00483ABA7}.Release|Any CPU.Build.0 = Release|Any CPU
		{4809B75E-474B-42F3-A303-A8CED77A46A6}.Debug|Any CPU.ActiveCfg = Debug|Any CPU
		{4809B75E-474B-42F3-A303-A8CED77A46A6}.Debug|Any CPU.Build.0 = Debug|Any CPU
		{4809B75E-474B-42F3-A303-A8CED77A46A6}.Release|Any CPU.ActiveCfg = Release|Any CPU
		{4809B75E-474B-42F3-A303-A8CED77A46A6}.Release|Any CPU.Build.0 = Release|Any CPU
		{3F8ED45E-FDD8-49B3-8743-23F6710ECFDF}.Debug|Any CPU.ActiveCfg = Debug|Any CPU
		{3F8ED45E-FDD8-49B3-8743-23F6710ECFDF}.Debug|Any CPU.Build.0 = Debug|Any CPU
		{3F8ED45E-FDD8-49B3-8743-23F6710ECFDF}.Release|Any CPU.ActiveCfg = Release|Any CPU
		{3F8ED45E-FDD8-49B3-8743-23F6710ECFDF}.Release|Any CPU.Build.0 = Release|Any CPU
		{942E81A0-A4D8-4F97-A449-E0913714D111}.Debug|Any CPU.ActiveCfg = Debug|Any CPU
		{942E81A0-A4D8-4F97-A449-E0913714D111}.Debug|Any CPU.Build.0 = Debug|Any CPU
		{942E81A0-A4D8-4F97-A449-E0913714D111}.Release|Any CPU.ActiveCfg = Release|Any CPU
		{942E81A0-A4D8-4F97-A449-E0913714D111}.Release|Any CPU.Build.0 = Release|Any CPU
		{AFFE7278-6E7D-4D70-82FA-B9D3025F168B}.Debug|Any CPU.ActiveCfg = Debug|Any CPU
		{AFFE7278-6E7D-4D70-82FA-B9D3025F168B}.Debug|Any CPU.Build.0 = Debug|Any CPU
		{AFFE7278-6E7D-4D70-82FA-B9D3025F168B}.Release|Any CPU.ActiveCfg = Release|Any CPU
		{AFFE7278-6E7D-4D70-82FA-B9D3025F168B}.Release|Any CPU.Build.0 = Release|Any CPU
		{42C2FA7B-658E-469B-BED9-BB31701B44F9}.Debug|Any CPU.ActiveCfg = Debug|Any CPU
		{42C2FA7B-658E-469B-BED9-BB31701B44F9}.Debug|Any CPU.Build.0 = Debug|Any CPU
		{42C2FA7B-658E-469B-BED9-BB31701B44F9}.Release|Any CPU.ActiveCfg = Release|Any CPU
		{42C2FA7B-658E-469B-BED9-BB31701B44F9}.Release|Any CPU.Build.0 = Release|Any CPU
		{D8B37F43-1A10-44BF-8523-6C7144403844}.Debug|Any CPU.ActiveCfg = Debug|Any CPU
		{D8B37F43-1A10-44BF-8523-6C7144403844}.Debug|Any CPU.Build.0 = Debug|Any CPU
		{D8B37F43-1A10-44BF-8523-6C7144403844}.Release|Any CPU.ActiveCfg = Release|Any CPU
		{D8B37F43-1A10-44BF-8523-6C7144403844}.Release|Any CPU.Build.0 = Release|Any CPU
		{6B1F043D-4596-4147-9B15-A63900BFCA1D}.Debug|Any CPU.ActiveCfg = Debug|Any CPU
		{6B1F043D-4596-4147-9B15-A63900BFCA1D}.Debug|Any CPU.Build.0 = Debug|Any CPU
		{6B1F043D-4596-4147-9B15-A63900BFCA1D}.Release|Any CPU.ActiveCfg = Release|Any CPU
		{6B1F043D-4596-4147-9B15-A63900BFCA1D}.Release|Any CPU.Build.0 = Release|Any CPU
		{7D0353D5-A842-49EC-8A8F-29C9635F4088}.Debug|Any CPU.ActiveCfg = Debug|Any CPU
		{7D0353D5-A842-49EC-8A8F-29C9635F4088}.Debug|Any CPU.Build.0 = Debug|Any CPU
		{7D0353D5-A842-49EC-8A8F-29C9635F4088}.Release|Any CPU.ActiveCfg = Release|Any CPU
		{7D0353D5-A842-49EC-8A8F-29C9635F4088}.Release|Any CPU.Build.0 = Release|Any CPU
		{D48F1B0A-F063-4DBB-BCB3-C9C4A6D5F1A2}.Debug|Any CPU.ActiveCfg = Debug|Any CPU
		{D48F1B0A-F063-4DBB-BCB3-C9C4A6D5F1A2}.Debug|Any CPU.Build.0 = Debug|Any CPU
		{D48F1B0A-F063-4DBB-BCB3-C9C4A6D5F1A2}.Release|Any CPU.ActiveCfg = Release|Any CPU
		{D48F1B0A-F063-4DBB-BCB3-C9C4A6D5F1A2}.Release|Any CPU.Build.0 = Release|Any CPU
		{FC5326C2-76CD-4155-8DE5-1A0A01633F51}.Debug|Any CPU.ActiveCfg = Debug|Any CPU
		{FC5326C2-76CD-4155-8DE5-1A0A01633F51}.Debug|Any CPU.Build.0 = Debug|Any CPU
		{FC5326C2-76CD-4155-8DE5-1A0A01633F51}.Release|Any CPU.ActiveCfg = Release|Any CPU
		{FC5326C2-76CD-4155-8DE5-1A0A01633F51}.Release|Any CPU.Build.0 = Release|Any CPU
		{767AEA96-E776-4E70-A505-FA433434548F}.Debug|Any CPU.ActiveCfg = Debug|Any CPU
		{767AEA96-E776-4E70-A505-FA433434548F}.Debug|Any CPU.Build.0 = Debug|Any CPU
		{767AEA96-E776-4E70-A505-FA433434548F}.Release|Any CPU.ActiveCfg = Release|Any CPU
		{767AEA96-E776-4E70-A505-FA433434548F}.Release|Any CPU.Build.0 = Release|Any CPU
		{5C596CED-020F-4D6B-8232-F29094E1633C}.Debug|Any CPU.ActiveCfg = Debug|Any CPU
		{5C596CED-020F-4D6B-8232-F29094E1633C}.Debug|Any CPU.Build.0 = Debug|Any CPU
		{5C596CED-020F-4D6B-8232-F29094E1633C}.Release|Any CPU.ActiveCfg = Release|Any CPU
		{5C596CED-020F-4D6B-8232-F29094E1633C}.Release|Any CPU.Build.0 = Release|Any CPU
		{5BD5B67A-00CF-4695-B364-5B2EB429BC83}.Debug|Any CPU.ActiveCfg = Debug|Any CPU
		{5BD5B67A-00CF-4695-B364-5B2EB429BC83}.Debug|Any CPU.Build.0 = Debug|Any CPU
		{5BD5B67A-00CF-4695-B364-5B2EB429BC83}.Release|Any CPU.ActiveCfg = Release|Any CPU
		{5BD5B67A-00CF-4695-B364-5B2EB429BC83}.Release|Any CPU.Build.0 = Release|Any CPU
		{F10261D5-5469-4A41-AC6E-8605534FC9CF}.Debug|Any CPU.ActiveCfg = Debug|Any CPU
		{F10261D5-5469-4A41-AC6E-8605534FC9CF}.Debug|Any CPU.Build.0 = Debug|Any CPU
		{F10261D5-5469-4A41-AC6E-8605534FC9CF}.Release|Any CPU.ActiveCfg = Release|Any CPU
		{F10261D5-5469-4A41-AC6E-8605534FC9CF}.Release|Any CPU.Build.0 = Release|Any CPU
		{BA3B5C5E-D6A4-39ED-6760-036CDB62E249}.Debug|Any CPU.ActiveCfg = Debug|Any CPU
		{BA3B5C5E-D6A4-39ED-6760-036CDB62E249}.Debug|Any CPU.Build.0 = Debug|Any CPU
		{BA3B5C5E-D6A4-39ED-6760-036CDB62E249}.Release|Any CPU.ActiveCfg = Release|Any CPU
		{BA3B5C5E-D6A4-39ED-6760-036CDB62E249}.Release|Any CPU.Build.0 = Release|Any CPU
		{297B9050-959F-4DFB-81B8-D16CEE9E81AC}.Debug|Any CPU.ActiveCfg = Debug|Any CPU
		{297B9050-959F-4DFB-81B8-D16CEE9E81AC}.Debug|Any CPU.Build.0 = Debug|Any CPU
		{297B9050-959F-4DFB-81B8-D16CEE9E81AC}.Release|Any CPU.ActiveCfg = Release|Any CPU
		{297B9050-959F-4DFB-81B8-D16CEE9E81AC}.Release|Any CPU.Build.0 = Release|Any CPU
		{0FCE9499-5D1B-44D6-80A6-C6FE46AD5AB2}.Debug|Any CPU.ActiveCfg = Debug|Any CPU
		{0FCE9499-5D1B-44D6-80A6-C6FE46AD5AB2}.Debug|Any CPU.Build.0 = Debug|Any CPU
		{0FCE9499-5D1B-44D6-80A6-C6FE46AD5AB2}.Release|Any CPU.ActiveCfg = Release|Any CPU
		{0FCE9499-5D1B-44D6-80A6-C6FE46AD5AB2}.Release|Any CPU.Build.0 = Release|Any CPU
		{6EF7678A-A725-F430-3097-30F090C0100A}.Debug|Any CPU.ActiveCfg = Debug|Any CPU
		{6EF7678A-A725-F430-3097-30F090C0100A}.Debug|Any CPU.Build.0 = Debug|Any CPU
		{6EF7678A-A725-F430-3097-30F090C0100A}.Release|Any CPU.ActiveCfg = Release|Any CPU
		{6EF7678A-A725-F430-3097-30F090C0100A}.Release|Any CPU.Build.0 = Release|Any CPU
		{010D0C11-D6A2-3CA6-3281-4E0FD547EC2D}.Debug|Any CPU.ActiveCfg = Debug|Any CPU
		{010D0C11-D6A2-3CA6-3281-4E0FD547EC2D}.Debug|Any CPU.Build.0 = Debug|Any CPU
		{010D0C11-D6A2-3CA6-3281-4E0FD547EC2D}.Release|Any CPU.ActiveCfg = Release|Any CPU
		{010D0C11-D6A2-3CA6-3281-4E0FD547EC2D}.Release|Any CPU.Build.0 = Release|Any CPU
		{0AF8675B-56B6-453C-9DE0-DA8616C3E7BD}.Debug|Any CPU.ActiveCfg = Debug|Any CPU
		{0AF8675B-56B6-453C-9DE0-DA8616C3E7BD}.Debug|Any CPU.Build.0 = Debug|Any CPU
		{0AF8675B-56B6-453C-9DE0-DA8616C3E7BD}.Release|Any CPU.ActiveCfg = Release|Any CPU
		{0AF8675B-56B6-453C-9DE0-DA8616C3E7BD}.Release|Any CPU.Build.0 = Release|Any CPU
	EndGlobalSection
	GlobalSection(SolutionProperties) = preSolution
		HideSolutionNode = FALSE
	EndGlobalSection
	GlobalSection(NestedProjects) = preSolution
		{1C6A0806-7A4F-479C-BF69-06CB87E19411} = {DDB4EF12-CC4E-5E88-E6FC-71A802F4DE97}
		{4EA4ED15-539F-45F0-A072-3C6C97828EDB} = {0D582CF4-FC6E-4392-99FE-E2EB8506D3EA}
		{97825F5C-1618-436E-BF1C-6E2BB6B84BCB} = {3C8027DE-3D62-4D9D-81C6-9416491F1FE2}
		{C5034E8E-1ED3-47BB-9DF6-C7EC61A7D22E} = {97825F5C-1618-436E-BF1C-6E2BB6B84BCB}
		{0D582CF4-FC6E-4392-99FE-E2EB8506D3EA} = {3C8027DE-3D62-4D9D-81C6-9416491F1FE2}
		{F44990B0-7DB5-4BBA-A0F6-3B892C3A53E2} = {38F56AF1-7A1E-456C-82EE-8F6333219478}
		{294EA6FB-8BD2-4775-8269-3A1B97E3F6B3} = {38F56AF1-7A1E-456C-82EE-8F6333219478}
		{33E7711F-9735-4AF7-BCB3-3CE25ECEA696} = {3C8027DE-3D62-4D9D-81C6-9416491F1FE2}
		{92B46EC8-7FA3-4579-97CF-5CAF35860E10} = {33E7711F-9735-4AF7-BCB3-3CE25ECEA696}
		{A43028E0-64A6-4033-B71E-625F29A8C16A} = {97825F5C-1618-436E-BF1C-6E2BB6B84BCB}
		{A727B4DB-A908-C542-FCF2-2C77B3E0412D} = {5AA23323-DFCC-4B43-B442-E49AD423362B}
		{10F275E2-3689-4F9B-BBCF-ABC3F498B3E4} = {5AA23323-DFCC-4B43-B442-E49AD423362B}
		{81222D59-FE03-4BDD-8DFB-D1DC2EDFC33F} = {10F275E2-3689-4F9B-BBCF-ABC3F498B3E4}
		{2F5A5817-1CCC-456A-B743-DE9FFE2C80ED} = {5AA23323-DFCC-4B43-B442-E49AD423362B}
		{2B137FAD-1635-41D0-BBDD-C255DF41E9C5} = {10F275E2-3689-4F9B-BBCF-ABC3F498B3E4}
		{E63F5E48-36F9-4810-A72D-18B340D6779B} = {3E959125-19B4-4DD9-A8BC-027ED498CD5F}
		{3A95A141-AAD8-CCAB-6F75-1E63A7123829} = {3E959125-19B4-4DD9-A8BC-027ED498CD5F}
		{94DD345E-7CED-4741-C3E7-505B445CE161} = {E63F5E48-36F9-4810-A72D-18B340D6779B}
		{C1D63E63-E64B-FCB7-4276-5EBCB0FEC291} = {E63F5E48-36F9-4810-A72D-18B340D6779B}
		{66601BC9-CDB3-40AB-9678-69A00483ABA7} = {CADD1A5B-DB0C-486A-9752-A1B419BBDF27}
		{B3AA614D-4ED5-4476-8AEA-90F3BD5E0E9C} = {8C4EF8C5-3839-42E5-A11D-24176406AEA4}
		{4809B75E-474B-42F3-A303-A8CED77A46A6} = {B3AA614D-4ED5-4476-8AEA-90F3BD5E0E9C}
		{3F8ED45E-FDD8-49B3-8743-23F6710ECFDF} = {8C4EF8C5-3839-42E5-A11D-24176406AEA4}
		{942E81A0-A4D8-4F97-A449-E0913714D111} = {8C4EF8C5-3839-42E5-A11D-24176406AEA4}
		{AFFE7278-6E7D-4D70-82FA-B9D3025F168B} = {B3AA614D-4ED5-4476-8AEA-90F3BD5E0E9C}
		{42C2FA7B-658E-469B-BED9-BB31701B44F9} = {7F69AEF0-F199-4812-8B94-A01BF7EC9398}
		{C880CFE9-AF11-455E-AD5A-DB78D2163882} = {7F69AEF0-F199-4812-8B94-A01BF7EC9398}
		{D8B37F43-1A10-44BF-8523-6C7144403844} = {C880CFE9-AF11-455E-AD5A-DB78D2163882}
		{6B1F043D-4596-4147-9B15-A63900BFCA1D} = {C880CFE9-AF11-455E-AD5A-DB78D2163882}
		{7D0353D5-A842-49EC-8A8F-29C9635F4088} = {C880CFE9-AF11-455E-AD5A-DB78D2163882}
		{D48F1B0A-F063-4DBB-BCB3-C9C4A6D5F1A2} = {7F69AEF0-F199-4812-8B94-A01BF7EC9398}
		{A1F7E0EB-802A-4D16-A460-FA0C4F5CCB7D} = {79945F93-78F7-4413-97EF-76A8CE844269}
		{FC5326C2-76CD-4155-8DE5-1A0A01633F51} = {79945F93-78F7-4413-97EF-76A8CE844269}
		{767AEA96-E776-4E70-A505-FA433434548F} = {79945F93-78F7-4413-97EF-76A8CE844269}
		{5C596CED-020F-4D6B-8232-F29094E1633C} = {A1F7E0EB-802A-4D16-A460-FA0C4F5CCB7D}
		{5BD5B67A-00CF-4695-B364-5B2EB429BC83} = {A1F7E0EB-802A-4D16-A460-FA0C4F5CCB7D}
		{5EC14ECF-F855-461D-A554-EABA78E12F1F} = {EAADACF3-BA35-41AD-A502-1FBDD386E97A}
		{F10261D5-5469-4A41-AC6E-8605534FC9CF} = {5EC14ECF-F855-461D-A554-EABA78E12F1F}
		{BA3B5C5E-D6A4-39ED-6760-036CDB62E249} = {EAADACF3-BA35-41AD-A502-1FBDD386E97A}
		{297B9050-959F-4DFB-81B8-D16CEE9E81AC} = {EAADACF3-BA35-41AD-A502-1FBDD386E97A}
		{0FCE9499-5D1B-44D6-80A6-C6FE46AD5AB2} = {5EC14ECF-F855-461D-A554-EABA78E12F1F}
		{6EF7678A-A725-F430-3097-30F090C0100A} = {109F5C2D-7A77-4438-9F7D-6B705A50ECB7}
		{010D0C11-D6A2-3CA6-3281-4E0FD547EC2D} = {109F5C2D-7A77-4438-9F7D-6B705A50ECB7}
		{0AF8675B-56B6-453C-9DE0-DA8616C3E7BD} = {133E84F1-22F5-4F8B-A96E-A4F016331590}
	EndGlobalSection
	GlobalSection(ExtensibilityGlobals) = postSolution
		SolutionGuid = {53533FE7-2C8A-4318-829E-C15E99EA3991}
	EndGlobalSection
EndGlobal
